
Microsoft Visual Studio Solution File, Format Version 12.00
# Visual Studio 15
VisualStudioVersion = 15.0.26124.0
MinimumVisualStudioVersion = 15.0.26124.0
Project("{FAE04EC0-301F-11D3-BF4B-00C04F79EFBC}") = "quotable.console", "quotable.console\quotable.console.csproj", "{0B064E02-CEF8-48DA-A4EA-3E1F2AF77E7B}"
EndProject
Project("{FAE04EC0-301F-11D3-BF4B-00C04F79EFBC}") = "quotable.core", "quotable.core\quotable.core.csproj", "{9DAE51E0-477C-4631-960A-917BB5FF6042}"
EndProject
Project("{FAE04EC0-301F-11D3-BF4B-00C04F79EFBC}") = "quotable.core.tests", "quotable.core.tests\quotable.core.tests.csproj", "{9E59965F-E908-4D9E-802F-01B356BA4A4C}"
EndProject
Project("{FAE04EC0-301F-11D3-BF4B-00C04F79EFBC}") = "quotable.api", "quotable.api\quotable.api.csproj", "{D84EAC21-C199-4356-9E92-6D795D054A4F}"
EndProject
Project("{FAE04EC0-301F-11D3-BF4B-00C04F79EFBC}") = "quotable.api.tests", "quotable.api.tests\quotable.api.tests.csproj", "{52044083-3579-4AA1-A4FA-62041B3E4156}"
EndProject
Global
	GlobalSection(SolutionConfigurationPlatforms) = preSolution
		Debug|Any CPU = Debug|Any CPU
		Debug|x64 = Debug|x64
		Debug|x86 = Debug|x86
		Release|Any CPU = Release|Any CPU
		Release|x64 = Release|x64
		Release|x86 = Release|x86
	EndGlobalSection
	GlobalSection(SolutionProperties) = preSolution
		HideSolutionNode = FALSE
	EndGlobalSection
	GlobalSection(ProjectConfigurationPlatforms) = postSolution
		{0B064E02-CEF8-48DA-A4EA-3E1F2AF77E7B}.Debug|Any CPU.ActiveCfg = Debug|Any CPU
		{0B064E02-CEF8-48DA-A4EA-3E1F2AF77E7B}.Debug|Any CPU.Build.0 = Debug|Any CPU
		{0B064E02-CEF8-48DA-A4EA-3E1F2AF77E7B}.Debug|x64.ActiveCfg = Debug|Any CPU
		{0B064E02-CEF8-48DA-A4EA-3E1F2AF77E7B}.Debug|x64.Build.0 = Debug|Any CPU
		{0B064E02-CEF8-48DA-A4EA-3E1F2AF77E7B}.Debug|x86.ActiveCfg = Debug|Any CPU
		{0B064E02-CEF8-48DA-A4EA-3E1F2AF77E7B}.Debug|x86.Build.0 = Debug|Any CPU
		{0B064E02-CEF8-48DA-A4EA-3E1F2AF77E7B}.Release|Any CPU.ActiveCfg = Release|Any CPU
		{0B064E02-CEF8-48DA-A4EA-3E1F2AF77E7B}.Release|Any CPU.Build.0 = Release|Any CPU
		{0B064E02-CEF8-48DA-A4EA-3E1F2AF77E7B}.Release|x64.ActiveCfg = Release|Any CPU
		{0B064E02-CEF8-48DA-A4EA-3E1F2AF77E7B}.Release|x64.Build.0 = Release|Any CPU
		{0B064E02-CEF8-48DA-A4EA-3E1F2AF77E7B}.Release|x86.ActiveCfg = Release|Any CPU
		{0B064E02-CEF8-48DA-A4EA-3E1F2AF77E7B}.Release|x86.Build.0 = Release|Any CPU
		{9DAE51E0-477C-4631-960A-917BB5FF6042}.Debug|Any CPU.ActiveCfg = Debug|Any CPU
		{9DAE51E0-477C-4631-960A-917BB5FF6042}.Debug|Any CPU.Build.0 = Debug|Any CPU
		{9DAE51E0-477C-4631-960A-917BB5FF6042}.Debug|x64.ActiveCfg = Debug|Any CPU
		{9DAE51E0-477C-4631-960A-917BB5FF6042}.Debug|x64.Build.0 = Debug|Any CPU
		{9DAE51E0-477C-4631-960A-917BB5FF6042}.Debug|x86.ActiveCfg = Debug|Any CPU
		{9DAE51E0-477C-4631-960A-917BB5FF6042}.Debug|x86.Build.0 = Debug|Any CPU
		{9DAE51E0-477C-4631-960A-917BB5FF6042}.Release|Any CPU.ActiveCfg = Release|Any CPU
		{9DAE51E0-477C-4631-960A-917BB5FF6042}.Release|Any CPU.Build.0 = Release|Any CPU
		{9DAE51E0-477C-4631-960A-917BB5FF6042}.Release|x64.ActiveCfg = Release|Any CPU
		{9DAE51E0-477C-4631-960A-917BB5FF6042}.Release|x64.Build.0 = Release|Any CPU
		{9DAE51E0-477C-4631-960A-917BB5FF6042}.Release|x86.ActiveCfg = Release|Any CPU
		{9DAE51E0-477C-4631-960A-917BB5FF6042}.Release|x86.Build.0 = Release|Any CPU
		{9E59965F-E908-4D9E-802F-01B356BA4A4C}.Debug|Any CPU.ActiveCfg = Debug|Any CPU
		{9E59965F-E908-4D9E-802F-01B356BA4A4C}.Debug|Any CPU.Build.0 = Debug|Any CPU
		{9E59965F-E908-4D9E-802F-01B356BA4A4C}.Debug|x64.ActiveCfg = Debug|Any CPU
		{9E59965F-E908-4D9E-802F-01B356BA4A4C}.Debug|x64.Build.0 = Debug|Any CPU
		{9E59965F-E908-4D9E-802F-01B356BA4A4C}.Debug|x86.ActiveCfg = Debug|Any CPU
		{9E59965F-E908-4D9E-802F-01B356BA4A4C}.Debug|x86.Build.0 = Debug|Any CPU
		{9E59965F-E908-4D9E-802F-01B356BA4A4C}.Release|Any CPU.ActiveCfg = Release|Any CPU
		{9E59965F-E908-4D9E-802F-01B356BA4A4C}.Release|Any CPU.Build.0 = Release|Any CPU
		{9E59965F-E908-4D9E-802F-01B356BA4A4C}.Release|x64.ActiveCfg = Release|Any CPU
		{9E59965F-E908-4D9E-802F-01B356BA4A4C}.Release|x64.Build.0 = Release|Any CPU
		{9E59965F-E908-4D9E-802F-01B356BA4A4C}.Release|x86.ActiveCfg = Release|Any CPU
		{9E59965F-E908-4D9E-802F-01B356BA4A4C}.Release|x86.Build.0 = Release|Any CPU
		{D84EAC21-C199-4356-9E92-6D795D054A4F}.Debug|Any CPU.ActiveCfg = Debug|Any CPU
		{D84EAC21-C199-4356-9E92-6D795D054A4F}.Debug|Any CPU.Build.0 = Debug|Any CPU
		{D84EAC21-C199-4356-9E92-6D795D054A4F}.Debug|x64.ActiveCfg = Debug|Any CPU
		{D84EAC21-C199-4356-9E92-6D795D054A4F}.Debug|x64.Build.0 = Debug|Any CPU
		{D84EAC21-C199-4356-9E92-6D795D054A4F}.Debug|x86.ActiveCfg = Debug|Any CPU
		{D84EAC21-C199-4356-9E92-6D795D054A4F}.Debug|x86.Build.0 = Debug|Any CPU
		{D84EAC21-C199-4356-9E92-6D795D054A4F}.Release|Any CPU.ActiveCfg = Release|Any CPU
		{D84EAC21-C199-4356-9E92-6D795D054A4F}.Release|Any CPU.Build.0 = Release|Any CPU
		{D84EAC21-C199-4356-9E92-6D795D054A4F}.Release|x64.ActiveCfg = Release|Any CPU
		{D84EAC21-C199-4356-9E92-6D795D054A4F}.Release|x64.Build.0 = Release|Any CPU
		{D84EAC21-C199-4356-9E92-6D795D054A4F}.Release|x86.ActiveCfg = Release|Any CPU
		{D84EAC21-C199-4356-9E92-6D795D054A4F}.Release|x86.Build.0 = Release|Any CPU
		{52044083-3579-4AA1-A4FA-62041B3E4156}.Debug|Any CPU.ActiveCfg = Debug|Any CPU
		{52044083-3579-4AA1-A4FA-62041B3E4156}.Debug|Any CPU.Build.0 = Debug|Any CPU
		{52044083-3579-4AA1-A4FA-62041B3E4156}.Debug|x64.ActiveCfg = Debug|Any CPU
		{52044083-3579-4AA1-A4FA-62041B3E4156}.Debug|x64.Build.0 = Debug|Any CPU
		{52044083-3579-4AA1-A4FA-62041B3E4156}.Debug|x86.ActiveCfg = Debug|Any CPU
		{52044083-3579-4AA1-A4FA-62041B3E4156}.Debug|x86.Build.0 = Debug|Any CPU
		{52044083-3579-4AA1-A4FA-62041B3E4156}.Release|Any CPU.ActiveCfg = Release|Any CPU
		{52044083-3579-4AA1-A4FA-62041B3E4156}.Release|Any CPU.Build.0 = Release|Any CPU
		{52044083-3579-4AA1-A4FA-62041B3E4156}.Release|x64.ActiveCfg = Release|Any CPU
		{52044083-3579-4AA1-A4FA-62041B3E4156}.Release|x64.Build.0 = Release|Any CPU
		{52044083-3579-4AA1-A4FA-62041B3E4156}.Release|x86.ActiveCfg = Release|Any CPU
		{52044083-3579-4AA1-A4FA-62041B3E4156}.Release|x86.Build.0 = Release|Any CPU
	EndGlobalSection
EndGlobal
